
Microsoft Visual Studio Solution File, Format Version 12.00
# Visual Studio Version 16
VisualStudioVersion = 16.0.30204.135
MinimumVisualStudioVersion = 10.0.40219.1
Project("{FAE04EC0-301F-11D3-BF4B-00C04F79EFBC}") = "ProductAPP.Android", "ProductAPP\ProductAPP.Android\ProductAPP.Android.csproj", "{4E63E9D0-1D18-4D17-A371-A9A2F7C4069D}"
EndProject
Project("{FAE04EC0-301F-11D3-BF4B-00C04F79EFBC}") = "ProductAPP.iOS", "ProductAPP\ProductAPP.iOS\ProductAPP.iOS.csproj", "{77022EF8-EC0E-4371-99EA-175F581791E7}"
EndProject
Project("{FAE04EC0-301F-11D3-BF4B-00C04F79EFBC}") = "ProductAPP", "ProductAPP\ProductAPP\ProductAPP.csproj", "{54AE5F8E-7D2F-4658-9A0A-B2C58E72108D}"
EndProject
Global
	GlobalSection(SolutionConfigurationPlatforms) = preSolution
		Debug|Any CPU = Debug|Any CPU
		Debug|iPhone = Debug|iPhone
		Debug|iPhoneSimulator = Debug|iPhoneSimulator
		Release|Any CPU = Release|Any CPU
		Release|iPhone = Release|iPhone
		Release|iPhoneSimulator = Release|iPhoneSimulator
	EndGlobalSection
	GlobalSection(ProjectConfigurationPlatforms) = postSolution
		{4E63E9D0-1D18-4D17-A371-A9A2F7C4069D}.Debug|Any CPU.ActiveCfg = Debug|Any CPU
		{4E63E9D0-1D18-4D17-A371-A9A2F7C4069D}.Debug|Any CPU.Build.0 = Debug|Any CPU
		{4E63E9D0-1D18-4D17-A371-A9A2F7C4069D}.Debug|Any CPU.Deploy.0 = Debug|Any CPU
		{4E63E9D0-1D18-4D17-A371-A9A2F7C4069D}.Debug|iPhone.ActiveCfg = Debug|Any CPU
		{4E63E9D0-1D18-4D17-A371-A9A2F7C4069D}.Debug|iPhone.Build.0 = Debug|Any CPU
		{4E63E9D0-1D18-4D17-A371-A9A2F7C4069D}.Debug|iPhone.Deploy.0 = Debug|Any CPU
		{4E63E9D0-1D18-4D17-A371-A9A2F7C4069D}.Debug|iPhoneSimulator.ActiveCfg = Debug|Any CPU
		{4E63E9D0-1D18-4D17-A371-A9A2F7C4069D}.Debug|iPhoneSimulator.Build.0 = Debug|Any CPU
		{4E63E9D0-1D18-4D17-A371-A9A2F7C4069D}.Debug|iPhoneSimulator.Deploy.0 = Debug|Any CPU
		{4E63E9D0-1D18-4D17-A371-A9A2F7C4069D}.Release|Any CPU.ActiveCfg = Release|Any CPU
		{4E63E9D0-1D18-4D17-A371-A9A2F7C4069D}.Release|Any CPU.Build.0 = Release|Any CPU
		{4E63E9D0-1D18-4D17-A371-A9A2F7C4069D}.Release|Any CPU.Deploy.0 = Release|Any CPU
		{4E63E9D0-1D18-4D17-A371-A9A2F7C4069D}.Release|iPhone.ActiveCfg = Release|Any CPU
		{4E63E9D0-1D18-4D17-A371-A9A2F7C4069D}.Release|iPhone.Build.0 = Release|Any CPU
		{4E63E9D0-1D18-4D17-A371-A9A2F7C4069D}.Release|iPhone.Deploy.0 = Release|Any CPU
		{4E63E9D0-1D18-4D17-A371-A9A2F7C4069D}.Release|iPhoneSimulator.ActiveCfg = Release|Any CPU
		{4E63E9D0-1D18-4D17-A371-A9A2F7C4069D}.Release|iPhoneSimulator.Build.0 = Release|Any CPU
		{4E63E9D0-1D18-4D17-A371-A9A2F7C4069D}.Release|iPhoneSimulator.Deploy.0 = Release|Any CPU
		{77022EF8-EC0E-4371-99EA-175F581791E7}.Debug|Any CPU.ActiveCfg = Debug|iPhone
		{77022EF8-EC0E-4371-99EA-175F581791E7}.Debug|Any CPU.Build.0 = Debug|iPhone
		{77022EF8-EC0E-4371-99EA-175F581791E7}.Debug|Any CPU.Deploy.0 = Debug|iPhone
		{77022EF8-EC0E-4371-99EA-175F581791E7}.Debug|iPhone.ActiveCfg = Debug|iPhone
		{77022EF8-EC0E-4371-99EA-175F581791E7}.Debug|iPhone.Build.0 = Debug|iPhone
		{77022EF8-EC0E-4371-99EA-175F581791E7}.Debug|iPhone.Deploy.0 = Debug|iPhone
		{77022EF8-EC0E-4371-99EA-175F581791E7}.Debug|iPhoneSimulator.ActiveCfg = Debug|iPhoneSimulator
		{77022EF8-EC0E-4371-99EA-175F581791E7}.Debug|iPhoneSimulator.Build.0 = Debug|iPhoneSimulator
		{77022EF8-EC0E-4371-99EA-175F581791E7}.Debug|iPhoneSimulator.Deploy.0 = Debug|iPhoneSimulator
		{77022EF8-EC0E-4371-99EA-175F581791E7}.Release|Any CPU.ActiveCfg = Release|iPhone
		{77022EF8-EC0E-4371-99EA-175F581791E7}.Release|Any CPU.Build.0 = Release|iPhone
		{77022EF8-EC0E-4371-99EA-175F581791E7}.Release|Any CPU.Deploy.0 = Release|iPhone
		{77022EF8-EC0E-4371-99EA-175F581791E7}.Release|iPhone.ActiveCfg = Release|iPhone
		{77022EF8-EC0E-4371-99EA-175F581791E7}.Release|iPhone.Build.0 = Release|iPhone
		{77022EF8-EC0E-4371-99EA-175F581791E7}.Release|iPhone.Deploy.0 = Release|iPhone
		{77022EF8-EC0E-4371-99EA-175F581791E7}.Release|iPhoneSimulator.ActiveCfg = Release|iPhoneSimulator
		{77022EF8-EC0E-4371-99EA-175F581791E7}.Release|iPhoneSimulator.Build.0 = Release|iPhoneSimulator
		{77022EF8-EC0E-4371-99EA-175F581791E7}.Release|iPhoneSimulator.Deploy.0 = Release|iPhoneSimulator
		{54AE5F8E-7D2F-4658-9A0A-B2C58E72108D}.Debug|Any CPU.ActiveCfg = Debug|Any CPU
		{54AE5F8E-7D2F-4658-9A0A-B2C58E72108D}.Debug|Any CPU.Build.0 = Debug|Any CPU
		{54AE5F8E-7D2F-4658-9A0A-B2C58E72108D}.Debug|Any CPU.Deploy.0 = Debug|Any CPU
		{54AE5F8E-7D2F-4658-9A0A-B2C58E72108D}.Debug|iPhone.ActiveCfg = Debug|Any CPU
		{54AE5F8E-7D2F-4658-9A0A-B2C58E72108D}.Debug|iPhone.Build.0 = Debug|Any CPU
		{54AE5F8E-7D2F-4658-9A0A-B2C58E72108D}.Debug|iPhone.Deploy.0 = Debug|Any CPU
		{54AE5F8E-7D2F-4658-9A0A-B2C58E72108D}.Debug|iPhoneSimulator.ActiveCfg = Debug|Any CPU
		{54AE5F8E-7D2F-4658-9A0A-B2C58E72108D}.Debug|iPhoneSimulator.Build.0 = Debug|Any CPU
		{54AE5F8E-7D2F-4658-9A0A-B2C58E72108D}.Debug|iPhoneSimulator.Deploy.0 = Debug|Any CPU
		{54AE5F8E-7D2F-4658-9A0A-B2C58E72108D}.Release|Any CPU.ActiveCfg = Release|Any CPU
		{54AE5F8E-7D2F-4658-9A0A-B2C58E72108D}.Release|Any CPU.Build.0 = Release|Any CPU
		{54AE5F8E-7D2F-4658-9A0A-B2C58E72108D}.Release|Any CPU.Deploy.0 = Release|Any CPU
		{54AE5F8E-7D2F-4658-9A0A-B2C58E72108D}.Release|iPhone.ActiveCfg = Release|Any CPU
		{54AE5F8E-7D2F-4658-9A0A-B2C58E72108D}.Release|iPhone.Build.0 = Release|Any CPU
		{54AE5F8E-7D2F-4658-9A0A-B2C58E72108D}.Release|iPhone.Deploy.0 = Release|Any CPU
		{54AE5F8E-7D2F-4658-9A0A-B2C58E72108D}.Release|iPhoneSimulator.ActiveCfg = Release|Any CPU
		{54AE5F8E-7D2F-4658-9A0A-B2C58E72108D}.Release|iPhoneSimulator.Build.0 = Release|Any CPU
		{54AE5F8E-7D2F-4658-9A0A-B2C58E72108D}.Release|iPhoneSimulator.Deploy.0 = Release|Any CPU
	EndGlobalSection
	GlobalSection(SolutionProperties) = preSolution
		HideSolutionNode = FALSE
	EndGlobalSection
	GlobalSection(ExtensibilityGlobals) = postSolution
		SolutionGuid = {6DFCC3DF-3548-4B8A-972A-EC07E502C6DE}
	EndGlobalSection
EndGlobal
